
Microsoft Visual Studio Solution File, Format Version 12.00
# Visual Studio Version 17
VisualStudioVersion = 17.9.34714.143
MinimumVisualStudioVersion = 10.0.40219.1
Project("{9A19103F-16F7-4668-BE54-9A1E7A4F7556}") = "MyShopClothes.App", "MyShopClothes\MyShopClothes.App.csproj", "{CBE4AE8F-772F-4DAD-81DD-2EF4771773F9}"
EndProject
Project("{FAE04EC0-301F-11D3-BF4B-00C04F79EFBC}") = "ShopClothes.Database", "ShopClothes.Database\ShopClothes.Database.csproj", "{B330243C-CF5E-4EF8-962B-E0368E8FAB39}"
EndProject
Global
	GlobalSection(SolutionConfigurationPlatforms) = preSolution
		Debug|Any CPU = Debug|Any CPU
		Release|Any CPU = Release|Any CPU
	EndGlobalSection
	GlobalSection(ProjectConfigurationPlatforms) = postSolution
		{CBE4AE8F-772F-4DAD-81DD-2EF4771773F9}.Debug|Any CPU.ActiveCfg = Debug|Any CPU
		{CBE4AE8F-772F-4DAD-81DD-2EF4771773F9}.Debug|Any CPU.Build.0 = Debug|Any CPU
		{CBE4AE8F-772F-4DAD-81DD-2EF4771773F9}.Release|Any CPU.ActiveCfg = Release|Any CPU
		{CBE4AE8F-772F-4DAD-81DD-2EF4771773F9}.Release|Any CPU.Build.0 = Release|Any CPU
		{B330243C-CF5E-4EF8-962B-E0368E8FAB39}.Debug|Any CPU.ActiveCfg = Debug|Any CPU
		{B330243C-CF5E-4EF8-962B-E0368E8FAB39}.Debug|Any CPU.Build.0 = Debug|Any CPU
		{B330243C-CF5E-4EF8-962B-E0368E8FAB39}.Release|Any CPU.ActiveCfg = Release|Any CPU
		{B330243C-CF5E-4EF8-962B-E0368E8FAB39}.Release|Any CPU.Build.0 = Release|Any CPU
	EndGlobalSection
	GlobalSection(SolutionProperties) = preSolution
		HideSolutionNode = FALSE
	EndGlobalSection
	GlobalSection(ExtensibilityGlobals) = postSolution
		SolutionGuid = {FBBE8943-4CE5-4722-8559-59C05759CDA1}
	EndGlobalSection
EndGlobal
